
Microsoft Visual Studio Solution File, Format Version 12.00
# Visual Studio Version 16
VisualStudioVersion = 16.0.31005.135
MinimumVisualStudioVersion = 10.0.40219.1
Project("{9A19103F-16F7-4668-BE54-9A1E7A4F7556}") = "Challenge1", "Challenge1\Challenge1.csproj", "{1E3544B9-E29C-4BAD-8923-BB1041EE9C7D}"
EndProject
Project("{9A19103F-16F7-4668-BE54-9A1E7A4F7556}") = "Challenge4", "Challenge2\Challenge4.csproj", "{713C6E00-381B-47A9-B27F-FF57EC50BB84}"
EndProject
Project("{9A19103F-16F7-4668-BE54-9A1E7A4F7556}") = "Challenge5", "Challenge3\Challenge5.csproj", "{7FA86F28-AB53-44A5-8E89-558471F684DB}"
EndProject
Global
	GlobalSection(SolutionConfigurationPlatforms) = preSolution
		Debug|Any CPU = Debug|Any CPU
		Release|Any CPU = Release|Any CPU
	EndGlobalSection
	GlobalSection(ProjectConfigurationPlatforms) = postSolution
		{1E3544B9-E29C-4BAD-8923-BB1041EE9C7D}.Debug|Any CPU.ActiveCfg = Debug|Any CPU
		{1E3544B9-E29C-4BAD-8923-BB1041EE9C7D}.Debug|Any CPU.Build.0 = Debug|Any CPU
		{1E3544B9-E29C-4BAD-8923-BB1041EE9C7D}.Release|Any CPU.ActiveCfg = Release|Any CPU
		{1E3544B9-E29C-4BAD-8923-BB1041EE9C7D}.Release|Any CPU.Build.0 = Release|Any CPU
		{713C6E00-381B-47A9-B27F-FF57EC50BB84}.Debug|Any CPU.ActiveCfg = Debug|Any CPU
		{713C6E00-381B-47A9-B27F-FF57EC50BB84}.Debug|Any CPU.Build.0 = Debug|Any CPU
		{713C6E00-381B-47A9-B27F-FF57EC50BB84}.Release|Any CPU.ActiveCfg = Release|Any CPU
		{713C6E00-381B-47A9-B27F-FF57EC50BB84}.Release|Any CPU.Build.0 = Release|Any CPU
		{7FA86F28-AB53-44A5-8E89-558471F684DB}.Debug|Any CPU.ActiveCfg = Debug|Any CPU
		{7FA86F28-AB53-44A5-8E89-558471F684DB}.Debug|Any CPU.Build.0 = Debug|Any CPU
		{7FA86F28-AB53-44A5-8E89-558471F684DB}.Release|Any CPU.ActiveCfg = Release|Any CPU
		{7FA86F28-AB53-44A5-8E89-558471F684DB}.Release|Any CPU.Build.0 = Release|Any CPU
	EndGlobalSection
	GlobalSection(SolutionProperties) = preSolution
		HideSolutionNode = FALSE
	EndGlobalSection
	GlobalSection(ExtensibilityGlobals) = postSolution
		SolutionGuid = {F5497481-D21F-4146-A343-13E4CF924EB5}
	EndGlobalSection
EndGlobal
